github.com/HuaDeity/hugo-multipaper v0.0.0-20240219183255-fb591d1ad3b9 h1:BHSYSkHAhnY1+7xe18I/CXIZGlhbExAXg3PyY2+4Rg0=
github.com/HuaDeity/hugo-multipaper v0.0.0-20240219183255-fb591d1ad3b9/go.mod h1:F0Ej+7Rc4HqbGJpl1wqKq9Kom9diiqmiSdkbbFNUg6o=
github.com/HuaDeity/hugo-multipaper v0.0.0-20240220010559-4c3156705bd1 h1:bMP/xx8bUGSbSoR4X7MyYBjXMSF7woMNBjBBqdAkluQ=
github.com/HuaDeity/hugo-multipaper v0.0.0-20240220010559-4c3156705bd1/go.mod h1:F0Ej+7Rc4HqbGJpl1wqKq9Kom9diiqmiSdkbbFNUg6o=
github.com/HuaDeity/hugo-multipaper v0.0.0-20240220034951-62b5d791d03a h1:63sPzyEdd4GkCaaw2HVc8id37gJOaxBwpc0kV0SmAZk=
github.com/HuaDeity/hugo-multipaper v0.0.0-20240220034951-62b5d791d03a/go.mod h1:F0Ej+7Rc4HqbGJpl1wqKq9Kom9diiqmiSdkbbFNUg6o=
