github.com/HuaDeity/hugo-multipaper v0.0.0-20240425011416-1b4717faa771 h1:s3dJj/r9JHiteRRF3JkDUwVSyzOij01sleItmIlCHQc=
github.com/HuaDeity/hugo-multipaper v0.0.0-20240425011416-1b4717faa771/go.mod h1:F0Ej+7Rc4HqbGJpl1wqKq9Kom9diiqmiSdkbbFNUg6o=
github.com/HuaDeity/hugo-multipaper v0.0.0-20240425053636-321146540e4f h1:TFrun6zPwQHD0jWsC7Z6KwF9IeuysDHhhDx6C4adXKk=
github.com/HuaDeity/hugo-multipaper v0.0.0-20240425053636-321146540e4f/go.mod h1:F0Ej+7Rc4HqbGJpl1wqKq9Kom9diiqmiSdkbbFNUg6o=
