github.com/HuaDeity/hugo-multipaper v0.0.0-20240425011416-1b4717faa771 h1:s3dJj/r9JHiteRRF3JkDUwVSyzOij01sleItmIlCHQc=
github.com/HuaDeity/hugo-multipaper v0.0.0-20240425011416-1b4717faa771/go.mod h1:F0Ej+7Rc4HqbGJpl1wqKq9Kom9diiqmiSdkbbFNUg6o=
github.com/HuaDeity/hugo-multipaper v0.0.0-20240425053636-321146540e4f h1:TFrun6zPwQHD0jWsC7Z6KwF9IeuysDHhhDx6C4adXKk=
github.com/HuaDeity/hugo-multipaper v0.0.0-20240425053636-321146540e4f/go.mod h1:F0Ej+7Rc4HqbGJpl1wqKq9Kom9diiqmiSdkbbFNUg6o=
github.com/HuaDeity/hugo-multipaper v0.0.0-20240425080725-264126a3e7f8 h1:NtCO5lvbZiFSWN9Ns3XzR7PHxQszjGqDiaod0UfWlHw=
github.com/HuaDeity/hugo-multipaper v0.0.0-20240425080725-264126a3e7f8/go.mod h1:F0Ej+7Rc4HqbGJpl1wqKq9Kom9diiqmiSdkbbFNUg6o=
github.com/HuaDeity/hugo-multipaper v0.0.0-20240513080140-091db85ae00e h1:Vu2bOe/MZxXiUJuJY1WWez01UpLKeaDE/BEffQk0lYw=
github.com/HuaDeity/hugo-multipaper v0.0.0-20240513080140-091db85ae00e/go.mod h1:F0Ej+7Rc4HqbGJpl1wqKq9Kom9diiqmiSdkbbFNUg6o=
github.com/HuaDeity/hugo-multipaper v0.0.0-20240513080600-3d4181282fc8 h1:LLC7KimeqgQIod7YM7MNHV9+rK26/zcE634NctuoWAw=
github.com/HuaDeity/hugo-multipaper v0.0.0-20240513080600-3d4181282fc8/go.mod h1:F0Ej+7Rc4HqbGJpl1wqKq9Kom9diiqmiSdkbbFNUg6o=
